// !$*UTF8*$!
{
	archiveVersion = 1;
	classes = {
	};
	objectVersion = 46;
	objects = {

/* Begin PBXBuildFile section */
		87BA798319D763FF0001BC3C /* AppDelegate.swift in Sources */ = {isa = PBXBuildFile; fileRef = 87BA798219D763FF0001BC3C /* AppDelegate.swift */; };
		87BA798519D763FF0001BC3C /* ViewController.swift in Sources */ = {isa = PBXBuildFile; fileRef = 87BA798419D763FF0001BC3C /* ViewController.swift */; };
		87BA798819D763FF0001BC3C /* Main.storyboard in Resources */ = {isa = PBXBuildFile; fileRef = 87BA798619D763FF0001BC3C /* Main.storyboard */; };
		87BA798A19D763FF0001BC3C /* Images.xcassets in Resources */ = {isa = PBXBuildFile; fileRef = 87BA798919D763FF0001BC3C /* Images.xcassets */; };
		87BA798D19D763FF0001BC3C /* LaunchScreen.xib in Resources */ = {isa = PBXBuildFile; fileRef = 87BA798B19D763FF0001BC3C /* LaunchScreen.xib */; };
		87BA799919D764000001BC3C /* StormyTests.swift in Sources */ = {isa = PBXBuildFile; fileRef = 87BA799819D764000001BC3C /* StormyTests.swift */; };
		87BA79D719D9A7240001BC3C /* Current.swift in Sources */ = {isa = PBXBuildFile; fileRef = 87BA79D619D9A7240001BC3C /* Current.swift */; };
/* End PBXBuildFile section */

/* Begin PBXContainerItemProxy section */
		87BA799319D763FF0001BC3C /* PBXContainerItemProxy */ = {
			isa = PBXContainerItemProxy;
			containerPortal = 87BA797519D763FF0001BC3C /* Project object */;
			proxyType = 1;
			remoteGlobalIDString = 87BA797C19D763FF0001BC3C;
			remoteInfo = Stormy;
		};
/* End PBXContainerItemProxy section */

/* Begin PBXFileReference section */
		87BA797D19D763FF0001BC3C /* Stormy.app */ = {isa = PBXFileReference; explicitFileType = wrapper.application; includeInIndex = 0; path = Stormy.app; sourceTree = BUILT_PRODUCTS_DIR; };
		87BA798119D763FF0001BC3C /* Info.plist */ = {isa = PBXFileReference; lastKnownFileType = text.plist.xml; path = Info.plist; sourceTree = "<group>"; };
		87BA798219D763FF0001BC3C /* AppDelegate.swift */ = {isa = PBXFileReference; lastKnownFileType = sourcecode.swift; path = AppDelegate.swift; sourceTree = "<group>"; };
		87BA798419D763FF0001BC3C /* ViewController.swift */ = {isa = PBXFileReference; lastKnownFileType = sourcecode.swift; path = ViewController.swift; sourceTree = "<group>"; };
		87BA798719D763FF0001BC3C /* Base */ = {isa = PBXFileReference; lastKnownFileType = file.storyboard; name = Base; path = Base.lproj/Main.storyboard; sourceTree = "<group>"; };
		87BA798919D763FF0001BC3C /* Images.xcassets */ = {isa = PBXFileReference; lastKnownFileType = folder.assetcatalog; path = Images.xcassets; sourceTree = "<group>"; };
		87BA798C19D763FF0001BC3C /* Base */ = {isa = PBXFileReference; lastKnownFileType = file.xib; name = Base; path = Base.lproj/LaunchScreen.xib; sourceTree = "<group>"; };
		87BA799219D763FF0001BC3C /* StormyTests.xctest */ = {isa = PBXFileReference; explicitFileType = wrapper.cfbundle; includeInIndex = 0; path = StormyTests.xctest; sourceTree = BUILT_PRODUCTS_DIR; };
		87BA799719D763FF0001BC3C /* Info.plist */ = {isa = PBXFileReference; lastKnownFileType = text.plist.xml; path = Info.plist; sourceTree = "<group>"; };
		87BA799819D764000001BC3C /* StormyTests.swift */ = {isa = PBXFileReference; lastKnownFileType = sourcecode.swift; path = StormyTests.swift; sourceTree = "<group>"; };
		87BA79D619D9A7240001BC3C /* Current.swift */ = {isa = PBXFileReference; fileEncoding = 4; lastKnownFileType = sourcecode.swift; path = Current.swift; sourceTree = "<group>"; };
/* End PBXFileReference section */

/* Begin PBXFrameworksBuildPhase section */
		87BA797A19D763FF0001BC3C /* Frameworks */ = {
			isa = PBXFrameworksBuildPhase;
			buildActionMask = 2147483647;
			files = (
			);
			runOnlyForDeploymentPostprocessing = 0;
		};
		87BA798F19D763FF0001BC3C /* Frameworks */ = {
			isa = PBXFrameworksBuildPhase;
			buildActionMask = 2147483647;
			files = (
			);
			runOnlyForDeploymentPostprocessing = 0;
		};
/* End PBXFrameworksBuildPhase section */

/* Begin PBXGroup section */
		87BA797419D763FF0001BC3C = {
			isa = PBXGroup;
			children = (
				87BA797F19D763FF0001BC3C /* Stormy */,
				87BA799519D763FF0001BC3C /* StormyTests */,
				87BA797E19D763FF0001BC3C /* Products */,
			);
			sourceTree = "<group>";
		};
		87BA797E19D763FF0001BC3C /* Products */ = {
			isa = PBXGroup;
			children = (
				87BA797D19D763FF0001BC3C /* Stormy.app */,
				87BA799219D763FF0001BC3C /* StormyTests.xctest */,
			);
			name = Products;
			sourceTree = "<group>";
		};
		87BA797F19D763FF0001BC3C /* Stormy */ = {
			isa = PBXGroup;
			children = (
				87BA798219D763FF0001BC3C /* AppDelegate.swift */,
				87BA79D619D9A7240001BC3C /* Current.swift */,
				87BA798419D763FF0001BC3C /* ViewController.swift */,
				87BA798619D763FF0001BC3C /* Main.storyboard */,
				87BA798919D763FF0001BC3C /* Images.xcassets */,
				87BA798B19D763FF0001BC3C /* LaunchScreen.xib */,
				87BA798019D763FF0001BC3C /* Supporting Files */,
			);
			path = Stormy;
			sourceTree = "<group>";
		};
		87BA798019D763FF0001BC3C /* Supporting Files */ = {
			isa = PBXGroup;
			children = (
				87BA798119D763FF0001BC3C /* Info.plist */,
			);
			name = "Supporting Files";
			sourceTree = "<group>";
		};
		87BA799519D763FF0001BC3C /* StormyTests */ = {
			isa = PBXGroup;
			children = (
				87BA799819D764000001BC3C /* StormyTests.swift */,
				87BA799619D763FF0001BC3C /* Supporting Files */,
			);
			path = StormyTests;
			sourceTree = "<group>";
		};
		87BA799619D763FF0001BC3C /* Supporting Files */ = {
			isa = PBXGroup;
			children = (
				87BA799719D763FF0001BC3C /* Info.plist */,
			);
			name = "Supporting Files";
			sourceTree = "<group>";
		};
/* End PBXGroup section */

/* Begin PBXNativeTarget section */
		87BA797C19D763FF0001BC3C /* Stormy */ = {
			isa = PBXNativeTarget;
			buildConfigurationList = 87BA799C19D764000001BC3C /* Build configuration list for PBXNativeTarget "Stormy" */;
			buildPhases = (
				87BA797919D763FF0001BC3C /* Sources */,
				87BA797A19D763FF0001BC3C /* Frameworks */,
				87BA797B19D763FF0001BC3C /* Resources */,
			);
			buildRules = (
			);
			dependencies = (
			);
			name = Stormy;
			productName = Stormy;
			productReference = 87BA797D19D763FF0001BC3C /* Stormy.app */;
			productType = "com.apple.product-type.application";
		};
		87BA799119D763FF0001BC3C /* StormyTests */ = {
			isa = PBXNativeTarget;
			buildConfigurationList = 87BA799F19D764000001BC3C /* Build configuration list for PBXNativeTarget "StormyTests" */;
			buildPhases = (
				87BA798E19D763FF0001BC3C /* Sources */,
				87BA798F19D763FF0001BC3C /* Frameworks */,
				87BA799019D763FF0001BC3C /* Resources */,
			);
			buildRules = (
			);
			dependencies = (
				87BA799419D763FF0001BC3C /* PBXTargetDependency */,
			);
			name = StormyTests;
			productName = StormyTests;
			productReference = 87BA799219D763FF0001BC3C /* StormyTests.xctest */;
			productType = "com.apple.product-type.bundle.unit-test";
		};
/* End PBXNativeTarget section */

/* Begin PBXProject section */
		87BA797519D763FF0001BC3C /* Project object */ = {
			isa = PBXProject;
			attributes = {
				LastUpgradeCheck = 0600;
				ORGANIZATIONNAME = "Srihari Chekuri";
				TargetAttributes = {
					87BA797C19D763FF0001BC3C = {
						CreatedOnToolsVersion = 6.0.1;
					};
					87BA799119D763FF0001BC3C = {
						CreatedOnToolsVersion = 6.0.1;
						TestTargetID = 87BA797C19D763FF0001BC3C;
					};
				};
			};
			buildConfigurationList = 87BA797819D763FF0001BC3C /* Build configuration list for PBXProject "Stormy" */;
			compatibilityVersion = "Xcode 3.2";
			developmentRegion = English;
			hasScannedForEncodings = 0;
			knownRegions = (
				en,
				Base,
			);
			mainGroup = 87BA797419D763FF0001BC3C;
			productRefGroup = 87BA797E19D763FF0001BC3C /* Products */;
			projectDirPath = "";
			projectRoot = "";
			targets = (
				87BA797C19D763FF0001BC3C /* Stormy */,
				87BA799119D763FF0001BC3C /* StormyTests */,
			);
		};
/* End PBXProject section */

/* Begin PBXResourcesBuildPhase section */
		87BA797B19D763FF0001BC3C /* Resources */ = {
			isa = PBXResourcesBuildPhase;
			buildActionMask = 2147483647;
			files = (
				87BA798819D763FF0001BC3C /* Main.storyboard in Resources */,
				87BA798D19D763FF0001BC3C /* LaunchScreen.xib in Resources */,
				87BA798A19D763FF0001BC3C /* Images.xcassets in Resources */,
			);
			runOnlyForDeploymentPostprocessing = 0;
		};
		87BA799019D763FF0001BC3C /* Resources */ = {
			isa = PBXResourcesBuildPhase;
			buildActionMask = 2147483647;
			files = (
			);
			runOnlyForDeploymentPostprocessing = 0;
		};
/* End PBXResourcesBuildPhase section */

/* Begin PBXSourcesBuildPhase section */
		87BA797919D763FF0001BC3C /* Sources */ = {
			isa = PBXSourcesBuildPhase;
			buildActionMask = 2147483647;
			files = (
				87BA79D719D9A7240001BC3C /* Current.swift in Sources */,
				87BA798519D763FF0001BC3C /* ViewController.swift in Sources */,
				87BA798319D763FF0001BC3C /* AppDelegate.swift in Sources */,
			);
			runOnlyForDeploymentPostprocessing = 0;
		};
		87BA798E19D763FF0001BC3C /* Sources */ = {
			isa = PBXSourcesBuildPhase;
			buildActionMask = 2147483647;
			files = (
				87BA799919D764000001BC3C /* StormyTests.swift in Sources */,
			);
			runOnlyForDeploymentPostprocessing = 0;
		};
/* End PBXSourcesBuildPhase section */

/* Begin PBXTargetDependency section */
		87BA799419D763FF0001BC3C /* PBXTargetDependency */ = {
			isa = PBXTargetDependency;
			target = 87BA797C19D763FF0001BC3C /* Stormy */;
			targetProxy = 87BA799319D763FF0001BC3C /* PBXContainerItemProxy */;
		};
/* End PBXTargetDependency section */

/* Begin PBXVariantGroup section */
		87BA798619D763FF0001BC3C /* Main.storyboard */ = {
			isa = PBXVariantGroup;
			children = (
				87BA798719D763FF0001BC3C /* Base */,
			);
			name = Main.storyboard;
			sourceTree = "<group>";
		};
		87BA798B19D763FF0001BC3C /* LaunchScreen.xib */ = {
			isa = PBXVariantGroup;
			children = (
				87BA798C19D763FF0001BC3C /* Base */,
			);
			name = LaunchScreen.xib;
			sourceTree = "<group>";
		};
/* End PBXVariantGroup section */

/* Begin XCBuildConfiguration section */
		87BA799A19D764000001BC3C /* Debug */ = {
			isa = XCBuildConfiguration;
			buildSettings = {
				ALWAYS_SEARCH_USER_PATHS = NO;
				CLANG_CXX_LANGUAGE_STANDARD = "gnu++0x";
				CLANG_CXX_LIBRARY = "libc++";
				CLANG_ENABLE_MODULES = YES;
				CLANG_ENABLE_OBJC_ARC = YES;
				CLANG_WARN_BOOL_CONVERSION = YES;
				CLANG_WARN_CONSTANT_CONVERSION = YES;
				CLANG_WARN_DIRECT_OBJC_ISA_USAGE = YES_ERROR;
				CLANG_WARN_EMPTY_BODY = YES;
				CLANG_WARN_ENUM_CONVERSION = YES;
				CLANG_WARN_INT_CONVERSION = YES;
				CLANG_WARN_OBJC_ROOT_CLASS = YES_ERROR;
				CLANG_WARN_UNREACHABLE_CODE = YES;
				CLANG_WARN__DUPLICATE_METHOD_MATCH = YES;
				"CODE_SIGN_IDENTITY[sdk=iphoneos*]" = "iPhone Developer";
				COPY_PHASE_STRIP = NO;
				ENABLE_STRICT_OBJC_MSGSEND = YES;
				GCC_C_LANGUAGE_STANDARD = gnu99;
				GCC_DYNAMIC_NO_PIC = NO;
				GCC_OPTIMIZATION_LEVEL = 0;
				GCC_PREPROCESSOR_DEFINITIONS = (
					"DEBUG=1",
					"$(inherited)",
				);
				GCC_SYMBOLS_PRIVATE_EXTERN = NO;
				GCC_WARN_64_TO_32_BIT_CONVERSION = YES;
				GCC_WARN_ABOUT_RETURN_TYPE = YES_ERROR;
				GCC_WARN_UNDECLARED_SELECTOR = YES;
				GCC_WARN_UNINITIALIZED_AUTOS = YES_AGGRESSIVE;
				GCC_WARN_UNUSED_FUNCTION = YES;
				GCC_WARN_UNUSED_VARIABLE = YES;
				IPHONEOS_DEPLOYMENT_TARGET = 8.0;
				MTL_ENABLE_DEBUG_INFO = YES;
				ONLY_ACTIVE_ARCH = YES;
				SDKROOT = iphoneos;
				SWIFT_OPTIMIZATION_LEVEL = "-Onone";
			};
			name = Debug;
		};
		87BA799B19D764000001BC3C /* Release */ = {
			isa = XCBuildConfiguration;
			buildSettings = {
				ALWAYS_SEARCH_USER_PATHS = NO;
				CLANG_CXX_LANGUAGE_STANDARD = "gnu++0x";
				CLANG_CXX_LIBRARY = "libc++";
				CLANG_ENABLE_MODULES = YES;
				CLANG_ENABLE_OBJC_ARC = YES;
				CLANG_WARN_BOOL_CONVERSION = YES;
				CLANG_WARN_CONSTANT_CONVERSION = YES;
				CLANG_WARN_DIRECT_OBJC_ISA_USAGE = YES_ERROR;
				CLANG_WARN_EMPTY_BODY = YES;
				CLANG_WARN_ENUM_CONVERSION = YES;
				CLANG_WARN_INT_CONVERSION = YES;
				CLANG_WARN_OBJC_ROOT_CLASS = YES_ERROR;
				CLANG_WARN_UNREACHABLE_CODE = YES;
				CLANG_WARN__DUPLICATE_METHOD_MATCH = YES;
				"CODE_SIGN_IDENTITY[sdk=iphoneos*]" = "iPhone Developer";
				COPY_PHASE_STRIP = YES;
				ENABLE_NS_ASSERTIONS = NO;
				ENABLE_STRICT_OBJC_MSGSEND = YES;
				GCC_C_LANGUAGE_STANDARD = gnu99;
				GCC_WARN_64_TO_32_BIT_CONVERSION = YES;
				GCC_WARN_ABOUT_RETURN_TYPE = YES_ERROR;
				GCC_WARN_UNDECLARED_SELECTOR = YES;
				GCC_WARN_UNINITIALIZED_AUTOS = YES_AGGRESSIVE;
				GCC_WARN_UNUSED_FUNCTION = YES;
				GCC_WARN_UNUSED_VARIABLE = YES;
				IPHONEOS_DEPLOYMENT_TARGET = 8.0;
				MTL_ENABLE_DEBUG_INFO = NO;
				SDKROOT = iphoneos;
				VALIDATE_PRODUCT = YES;
			};
			name = Release;
		};
		87BA799D19D764000001BC3C /* Debug */ = {
			isa = XCBuildConfiguration;
			buildSettings = {
				ASSETCATALOG_COMPILER_APPICON_NAME = AppIcon;
				INFOPLIST_FILE = Stormy/Info.plist;
				LD_RUNPATH_SEARCH_PATHS = "$(inherited) @executable_path/Frameworks";
				PRODUCT_NAME = "$(TARGET_NAME)";
			};
			name = Debug;
		};
		87BA799E19D764000001BC3C /* Release */ = {
			isa = XCBuildConfiguration;
			buildSettings = {
				ASSETCATALOG_COMPILER_APPICON_NAME = AppIcon;
				INFOPLIST_FILE = Stormy/Info.plist;
				LD_RUNPATH_SEARCH_PATHS = "$(inherited) @executable_path/Frameworks";
				PRODUCT_NAME = "$(TARGET_NAME)";
			};
			name = Release;
		};
		87BA79A019D764000001BC3C /* Debug */ = {
			isa = XCBuildConfiguration;
			buildSettings = {
				BUNDLE_LOADER = "$(TEST_HOST)";
				FRAMEWORK_SEARCH_PATHS = (
					"$(SDKROOT)/Developer/Library/Frameworks",
					"$(inherited)",
				);
				GCC_PREPROCESSOR_DEFINITIONS = (
					"DEBUG=1",
					"$(inherited)",
				);
				INFOPLIST_FILE = StormyTests/Info.plist;
				LD_RUNPATH_SEARCH_PATHS = "$(inherited) @executable_path/Frameworks @loader_path/Frameworks";
				PRODUCT_NAME = "$(TARGET_NAME)";
				TEST_HOST = "$(BUILT_PRODUCTS_DIR)/Stormy.app/Stormy";
			};
			name = Debug;
		};
		87BA79A119D764000001BC3C /* Release */ = {
			isa = XCBuildConfiguration;
			buildSettings = {
				BUNDLE_LOADER = "$(TEST_HOST)";
				FRAMEWORK_SEARCH_PATHS = (
					"$(SDKROOT)/Developer/Library/Frameworks",
					"$(inherited)",
				);
				INFOPLIST_FILE = StormyTests/Info.plist;
				LD_RUNPATH_SEARCH_PATHS = "$(inherited) @executable_path/Frameworks @loader_path/Frameworks";
				PRODUCT_NAME = "$(TARGET_NAME)";
				TEST_HOST = "$(BUILT_PRODUCTS_DIR)/Stormy.app/Stormy";
			};
			name = Release;
		};
/* End XCBuildConfiguration section */

/* Begin XCConfigurationList section */
		87BA797819D763FF0001BC3C /* Build configuration list for PBXProject "Stormy" */ = {
			isa = XCConfigurationList;
			buildConfigurations = (
				87BA799A19D764000001BC3C /* Debug */,
				87BA799B19D764000001BC3C /* Release */,
			);
			defaultConfigurationIsVisible = 0;
			defaultConfigurationName = Release;
		};
		87BA799C19D764000001BC3C /* Build configuration list for PBXNativeTarget "Stormy" */ = {
			isa = XCConfigurationList;
			buildConfigurations = (
				87BA799D19D764000001BC3C /* Debug */,
				87BA799E19D764000001BC3C /* Release */,
			);
			defaultConfigurationIsVisible = 0;
			defaultConfigurationName = Release;
		};
		87BA799F19D764000001BC3C /* Build configuration list for PBXNativeTarget "StormyTests" */ = {
			isa = XCConfigurationList;
			buildConfigurations = (
				87BA79A019D764000001BC3C /* Debug */,
				87BA79A119D764000001BC3C /* Release */,
			);
			defaultConfigurationIsVisible = 0;
			defaultConfigurationName = Release;
		};
/* End XCConfigurationList section */
	};
	rootObject = 87BA797519D763FF0001BC3C /* Project object */;
}
